
Microsoft Visual Studio Solution File, Format Version 12.00
# Visual Studio Version 17
VisualStudioVersion = 17.11.35222.181
MinimumVisualStudioVersion = 10.0.40219.1
Project("{FAE04EC0-301F-11D3-BF4B-00C04F79EFBC}") = "LearnBlazor", "LearnBlazor.csproj", "{7B89BD52-5D35-450D-AC95-E239DCA2385E}"
EndProject
Global
	GlobalSection(SolutionConfigurationPlatforms) = preSolution
		Debug|Any CPU = Debug|Any CPU
		Release|Any CPU = Release|Any CPU
	EndGlobalSection
	GlobalSection(ProjectConfigurationPlatforms) = postSolution
		{7B89BD52-5D35-450D-AC95-E239DCA2385E}.Debug|Any CPU.ActiveCfg = Debug|Any CPU
		{7B89BD52-5D35-450D-AC95-E239DCA2385E}.Debug|Any CPU.Build.0 = Debug|Any CPU
		{7B89BD52-5D35-450D-AC95-E239DCA2385E}.Release|Any CPU.ActiveCfg = Release|Any CPU
		{7B89BD52-5D35-450D-AC95-E239DCA2385E}.Release|Any CPU.Build.0 = Release|Any CPU
	EndGlobalSection
	GlobalSection(SolutionProperties) = preSolution
		HideSolutionNode = FALSE
	EndGlobalSection
	GlobalSection(ExtensibilityGlobals) = postSolution
		SolutionGuid = {F8A83ED1-63D5-418A-AAEB-F03081D529C6}
	EndGlobalSection
EndGlobal
